{
  "version": 4,
  "terraform_version": "1.2.0",
  "serial": 1,
  "lineage": "3e0579d2-139a-c147-2df2-bda46b1ca6e7",
  "outputs": {
    "rg_group_location": {
      "value": "westeurope",
      "type": "string"
    },
    "rg_group_name": {
      "value": "rg_mehala_cicd",
      "type": "string"
    }
  },
  "resources": [
    {
      "mode": "managed",
      "type": "azurerm_resource_group",
      "name": "devops_res_group",
      "provider": "provider[\"registry.terraform.io/hashicorp/azurerm\"]",
      "instances": [
        {
          "schema_version": 0,
          "attributes": {
            "id": "/subscriptions/8232c07e-0e02-4f7f-8e27-bf702303241c/resourceGroups/rg_mehala_cicd",
            "location": "westeurope",
            "name": "rg_mehala_cicd",
            "tags": null,
            "timeouts": null
          },
          "sensitive_attributes": [],
          "private": "eyJlMmJmYjczMC1lY2FhLTExZTYtOGY4OC0zNDM2M2JjN2M0YzAiOnsiY3JlYXRlIjo1NDAwMDAwMDAwMDAwLCJkZWxldGUiOjU0MDAwMDAwMDAwMDAsInJlYWQiOjMwMDAwMDAwMDAwMCwidXBkYXRlIjo1NDAwMDAwMDAwMDAwfX0="
        }
      ]
    }
  ]
}
